
Microsoft Visual Studio Solution File, Format Version 12.00
# Visual Studio 15
VisualStudioVersion = 15.0.28307.960
MinimumVisualStudioVersion = 10.0.40219.1
Project("{9A19103F-16F7-4668-BE54-9A1E7A4F7556}") = "StarWarsApi", "StarWars\StarWarsApi.csproj", "{4C103296-5AE6-402E-9FE1-250D80AE5B07}"
EndProject
Project("{9A19103F-16F7-4668-BE54-9A1E7A4F7556}") = "StarWarsModels", "StarWarsModels\StarWarsModels.csproj", "{1BAFD344-6410-4AB1-B5D3-531EBB14B97C}"
EndProject
Project("{9A19103F-16F7-4668-BE54-9A1E7A4F7556}") = "StarWarsServices", "StarWarsServices\StarWarsServices.csproj", "{21852E59-2EEB-4661-8B03-9A822372C328}"
EndProject
Project("{9A19103F-16F7-4668-BE54-9A1E7A4F7556}") = "XUnitTestProject1", "XUnitTestProject1\XUnitTestProject1.csproj", "{353A238A-8F85-41F9-9F58-F3E299EB9248}"
EndProject
Project("{FAE04EC0-301F-11D3-BF4B-00C04F79EFBC}") = "StarWarsCrossCutting", "StarWarsCrossCutting\StarWarsCrossCutting.csproj", "{04FB7550-EE05-4780-B89D-C3C2FD0AFAD3}"
EndProject
Global
	GlobalSection(SolutionConfigurationPlatforms) = preSolution
		Debug|Any CPU = Debug|Any CPU
		Release|Any CPU = Release|Any CPU
	EndGlobalSection
	GlobalSection(ProjectConfigurationPlatforms) = postSolution
		{4C103296-5AE6-402E-9FE1-250D80AE5B07}.Debug|Any CPU.ActiveCfg = Debug|Any CPU
		{4C103296-5AE6-402E-9FE1-250D80AE5B07}.Debug|Any CPU.Build.0 = Debug|Any CPU
		{4C103296-5AE6-402E-9FE1-250D80AE5B07}.Release|Any CPU.ActiveCfg = Release|Any CPU
		{4C103296-5AE6-402E-9FE1-250D80AE5B07}.Release|Any CPU.Build.0 = Release|Any CPU
		{1BAFD344-6410-4AB1-B5D3-531EBB14B97C}.Debug|Any CPU.ActiveCfg = Debug|Any CPU
		{1BAFD344-6410-4AB1-B5D3-531EBB14B97C}.Debug|Any CPU.Build.0 = Debug|Any CPU
		{1BAFD344-6410-4AB1-B5D3-531EBB14B97C}.Release|Any CPU.ActiveCfg = Release|Any CPU
		{1BAFD344-6410-4AB1-B5D3-531EBB14B97C}.Release|Any CPU.Build.0 = Release|Any CPU
		{21852E59-2EEB-4661-8B03-9A822372C328}.Debug|Any CPU.ActiveCfg = Debug|Any CPU
		{21852E59-2EEB-4661-8B03-9A822372C328}.Debug|Any CPU.Build.0 = Debug|Any CPU
		{21852E59-2EEB-4661-8B03-9A822372C328}.Release|Any CPU.ActiveCfg = Release|Any CPU
		{21852E59-2EEB-4661-8B03-9A822372C328}.Release|Any CPU.Build.0 = Release|Any CPU
		{353A238A-8F85-41F9-9F58-F3E299EB9248}.Debug|Any CPU.ActiveCfg = Debug|Any CPU
		{353A238A-8F85-41F9-9F58-F3E299EB9248}.Debug|Any CPU.Build.0 = Debug|Any CPU
		{353A238A-8F85-41F9-9F58-F3E299EB9248}.Release|Any CPU.ActiveCfg = Release|Any CPU
		{353A238A-8F85-41F9-9F58-F3E299EB9248}.Release|Any CPU.Build.0 = Release|Any CPU
		{04FB7550-EE05-4780-B89D-C3C2FD0AFAD3}.Debug|Any CPU.ActiveCfg = Debug|Any CPU
		{04FB7550-EE05-4780-B89D-C3C2FD0AFAD3}.Debug|Any CPU.Build.0 = Debug|Any CPU
		{04FB7550-EE05-4780-B89D-C3C2FD0AFAD3}.Release|Any CPU.ActiveCfg = Release|Any CPU
		{04FB7550-EE05-4780-B89D-C3C2FD0AFAD3}.Release|Any CPU.Build.0 = Release|Any CPU
	EndGlobalSection
	GlobalSection(SolutionProperties) = preSolution
		HideSolutionNode = FALSE
	EndGlobalSection
	GlobalSection(ExtensibilityGlobals) = postSolution
		SolutionGuid = {9DC49AB4-8C79-479B-8D47-631F3F9F6151}
	EndGlobalSection
EndGlobal
